
Microsoft Visual Studio Solution File, Format Version 12.00
# Visual Studio Version 17
VisualStudioVersion = 17.10.35004.147
MinimumVisualStudioVersion = 10.0.40219.1
Project("{FAE04EC0-301F-11D3-BF4B-00C04F79EFBC}") = "AdoNetDemo", "AdoNetDemo\AdoNetDemo.csproj", "{E8009AEA-E93F-47D6-86DC-357CA0E2CD7B}"
EndProject
Global
	GlobalSection(SolutionConfigurationPlatforms) = preSolution
		Debug|Any CPU = Debug|Any CPU
		Release|Any CPU = Release|Any CPU
	EndGlobalSection
	GlobalSection(ProjectConfigurationPlatforms) = postSolution
		{E8009AEA-E93F-47D6-86DC-357CA0E2CD7B}.Debug|Any CPU.ActiveCfg = Debug|Any CPU
		{E8009AEA-E93F-47D6-86DC-357CA0E2CD7B}.Debug|Any CPU.Build.0 = Debug|Any CPU
		{E8009AEA-E93F-47D6-86DC-357CA0E2CD7B}.Release|Any CPU.ActiveCfg = Release|Any CPU
		{E8009AEA-E93F-47D6-86DC-357CA0E2CD7B}.Release|Any CPU.Build.0 = Release|Any CPU
	EndGlobalSection
	GlobalSection(SolutionProperties) = preSolution
		HideSolutionNode = FALSE
	EndGlobalSection
	GlobalSection(ExtensibilityGlobals) = postSolution
		SolutionGuid = {561CC08D-8875-4A06-A2B5-5971A02F897B}
	EndGlobalSection
EndGlobal
